
Microsoft Visual Studio Solution File, Format Version 12.00
# Visual Studio 15
VisualStudioVersion = 15.0.28307.102
MinimumVisualStudioVersion = 10.0.40219.1
Project("{FAE04EC0-301F-11D3-BF4B-00C04F79EFBC}") = "TestMaps.Android", "TestMaps\TestMaps.Android\TestMaps.Android.csproj", "{945AA1C5-6B0B-436D-A66C-51B8D13CE43D}"
EndProject
Project("{FAE04EC0-301F-11D3-BF4B-00C04F79EFBC}") = "TestMaps.iOS", "TestMaps\TestMaps.iOS\TestMaps.iOS.csproj", "{F1166B06-F548-415C-B2C2-32EC3EDFBF90}"
EndProject
Project("{FAE04EC0-301F-11D3-BF4B-00C04F79EFBC}") = "TestMaps", "TestMaps\TestMaps\TestMaps.csproj", "{8BECE324-FCD4-4651-B7F1-FED4985A61F1}"
EndProject
Global
	GlobalSection(SolutionConfigurationPlatforms) = preSolution
		Ad-Hoc|Any CPU = Ad-Hoc|Any CPU
		Ad-Hoc|iPhone = Ad-Hoc|iPhone
		Ad-Hoc|iPhoneSimulator = Ad-Hoc|iPhoneSimulator
		AppStore|Any CPU = AppStore|Any CPU
		AppStore|iPhone = AppStore|iPhone
		AppStore|iPhoneSimulator = AppStore|iPhoneSimulator
		Debug|Any CPU = Debug|Any CPU
		Debug|iPhone = Debug|iPhone
		Debug|iPhoneSimulator = Debug|iPhoneSimulator
		Release|Any CPU = Release|Any CPU
		Release|iPhone = Release|iPhone
		Release|iPhoneSimulator = Release|iPhoneSimulator
	EndGlobalSection
	GlobalSection(ProjectConfigurationPlatforms) = postSolution
		{945AA1C5-6B0B-436D-A66C-51B8D13CE43D}.Ad-Hoc|Any CPU.ActiveCfg = Release|Any CPU
		{945AA1C5-6B0B-436D-A66C-51B8D13CE43D}.Ad-Hoc|Any CPU.Build.0 = Release|Any CPU
		{945AA1C5-6B0B-436D-A66C-51B8D13CE43D}.Ad-Hoc|Any CPU.Deploy.0 = Release|Any CPU
		{945AA1C5-6B0B-436D-A66C-51B8D13CE43D}.Ad-Hoc|iPhone.ActiveCfg = Release|Any CPU
		{945AA1C5-6B0B-436D-A66C-51B8D13CE43D}.Ad-Hoc|iPhone.Build.0 = Release|Any CPU
		{945AA1C5-6B0B-436D-A66C-51B8D13CE43D}.Ad-Hoc|iPhone.Deploy.0 = Release|Any CPU
		{945AA1C5-6B0B-436D-A66C-51B8D13CE43D}.Ad-Hoc|iPhoneSimulator.ActiveCfg = Release|Any CPU
		{945AA1C5-6B0B-436D-A66C-51B8D13CE43D}.Ad-Hoc|iPhoneSimulator.Build.0 = Release|Any CPU
		{945AA1C5-6B0B-436D-A66C-51B8D13CE43D}.Ad-Hoc|iPhoneSimulator.Deploy.0 = Release|Any CPU
		{945AA1C5-6B0B-436D-A66C-51B8D13CE43D}.AppStore|Any CPU.ActiveCfg = Release|Any CPU
		{945AA1C5-6B0B-436D-A66C-51B8D13CE43D}.AppStore|Any CPU.Build.0 = Release|Any CPU
		{945AA1C5-6B0B-436D-A66C-51B8D13CE43D}.AppStore|Any CPU.Deploy.0 = Release|Any CPU
		{945AA1C5-6B0B-436D-A66C-51B8D13CE43D}.AppStore|iPhone.ActiveCfg = Release|Any CPU
		{945AA1C5-6B0B-436D-A66C-51B8D13CE43D}.AppStore|iPhone.Build.0 = Release|Any CPU
		{945AA1C5-6B0B-436D-A66C-51B8D13CE43D}.AppStore|iPhone.Deploy.0 = Release|Any CPU
		{945AA1C5-6B0B-436D-A66C-51B8D13CE43D}.AppStore|iPhoneSimulator.ActiveCfg = Release|Any CPU
		{945AA1C5-6B0B-436D-A66C-51B8D13CE43D}.AppStore|iPhoneSimulator.Build.0 = Release|Any CPU
		{945AA1C5-6B0B-436D-A66C-51B8D13CE43D}.AppStore|iPhoneSimulator.Deploy.0 = Release|Any CPU
		{945AA1C5-6B0B-436D-A66C-51B8D13CE43D}.Debug|Any CPU.ActiveCfg = Debug|Any CPU
		{945AA1C5-6B0B-436D-A66C-51B8D13CE43D}.Debug|Any CPU.Build.0 = Debug|Any CPU
		{945AA1C5-6B0B-436D-A66C-51B8D13CE43D}.Debug|Any CPU.Deploy.0 = Debug|Any CPU
		{945AA1C5-6B0B-436D-A66C-51B8D13CE43D}.Debug|iPhone.ActiveCfg = Debug|Any CPU
		{945AA1C5-6B0B-436D-A66C-51B8D13CE43D}.Debug|iPhone.Build.0 = Debug|Any CPU
		{945AA1C5-6B0B-436D-A66C-51B8D13CE43D}.Debug|iPhone.Deploy.0 = Debug|Any CPU
		{945AA1C5-6B0B-436D-A66C-51B8D13CE43D}.Debug|iPhoneSimulator.ActiveCfg = Debug|Any CPU
		{945AA1C5-6B0B-436D-A66C-51B8D13CE43D}.Debug|iPhoneSimulator.Build.0 = Debug|Any CPU
		{945AA1C5-6B0B-436D-A66C-51B8D13CE43D}.Debug|iPhoneSimulator.Deploy.0 = Debug|Any CPU
		{945AA1C5-6B0B-436D-A66C-51B8D13CE43D}.Release|Any CPU.ActiveCfg = Release|Any CPU
		{945AA1C5-6B0B-436D-A66C-51B8D13CE43D}.Release|Any CPU.Build.0 = Release|Any CPU
		{945AA1C5-6B0B-436D-A66C-51B8D13CE43D}.Release|Any CPU.Deploy.0 = Release|Any CPU
		{945AA1C5-6B0B-436D-A66C-51B8D13CE43D}.Release|iPhone.ActiveCfg = Release|Any CPU
		{945AA1C5-6B0B-436D-A66C-51B8D13CE43D}.Release|iPhone.Build.0 = Release|Any CPU
		{945AA1C5-6B0B-436D-A66C-51B8D13CE43D}.Release|iPhone.Deploy.0 = Release|Any CPU
		{945AA1C5-6B0B-436D-A66C-51B8D13CE43D}.Release|iPhoneSimulator.ActiveCfg = Release|Any CPU
		{945AA1C5-6B0B-436D-A66C-51B8D13CE43D}.Release|iPhoneSimulator.Build.0 = Release|Any CPU
		{945AA1C5-6B0B-436D-A66C-51B8D13CE43D}.Release|iPhoneSimulator.Deploy.0 = Release|Any CPU
		{F1166B06-F548-415C-B2C2-32EC3EDFBF90}.Ad-Hoc|Any CPU.ActiveCfg = Ad-Hoc|iPhone
		{F1166B06-F548-415C-B2C2-32EC3EDFBF90}.Ad-Hoc|Any CPU.Build.0 = Ad-Hoc|iPhone
		{F1166B06-F548-415C-B2C2-32EC3EDFBF90}.Ad-Hoc|Any CPU.Deploy.0 = Ad-Hoc|iPhone
		{F1166B06-F548-415C-B2C2-32EC3EDFBF90}.Ad-Hoc|iPhone.ActiveCfg = Ad-Hoc|iPhone
		{F1166B06-F548-415C-B2C2-32EC3EDFBF90}.Ad-Hoc|iPhone.Build.0 = Ad-Hoc|iPhone
		{F1166B06-F548-415C-B2C2-32EC3EDFBF90}.Ad-Hoc|iPhone.Deploy.0 = Ad-Hoc|iPhone
		{F1166B06-F548-415C-B2C2-32EC3EDFBF90}.Ad-Hoc|iPhoneSimulator.ActiveCfg = Ad-Hoc|iPhoneSimulator
		{F1166B06-F548-415C-B2C2-32EC3EDFBF90}.Ad-Hoc|iPhoneSimulator.Build.0 = Ad-Hoc|iPhoneSimulator
		{F1166B06-F548-415C-B2C2-32EC3EDFBF90}.Ad-Hoc|iPhoneSimulator.Deploy.0 = Ad-Hoc|iPhoneSimulator
		{F1166B06-F548-415C-B2C2-32EC3EDFBF90}.AppStore|Any CPU.ActiveCfg = AppStore|iPhone
		{F1166B06-F548-415C-B2C2-32EC3EDFBF90}.AppStore|Any CPU.Build.0 = AppStore|iPhone
		{F1166B06-F548-415C-B2C2-32EC3EDFBF90}.AppStore|Any CPU.Deploy.0 = AppStore|iPhone
		{F1166B06-F548-415C-B2C2-32EC3EDFBF90}.AppStore|iPhone.ActiveCfg = AppStore|iPhone
		{F1166B06-F548-415C-B2C2-32EC3EDFBF90}.AppStore|iPhone.Build.0 = AppStore|iPhone
		{F1166B06-F548-415C-B2C2-32EC3EDFBF90}.AppStore|iPhone.Deploy.0 = AppStore|iPhone
		{F1166B06-F548-415C-B2C2-32EC3EDFBF90}.AppStore|iPhoneSimulator.ActiveCfg = AppStore|iPhoneSimulator
		{F1166B06-F548-415C-B2C2-32EC3EDFBF90}.AppStore|iPhoneSimulator.Build.0 = AppStore|iPhoneSimulator
		{F1166B06-F548-415C-B2C2-32EC3EDFBF90}.AppStore|iPhoneSimulator.Deploy.0 = AppStore|iPhoneSimulator
		{F1166B06-F548-415C-B2C2-32EC3EDFBF90}.Debug|Any CPU.ActiveCfg = Debug|iPhoneSimulator
		{F1166B06-F548-415C-B2C2-32EC3EDFBF90}.Debug|Any CPU.Build.0 = Debug|iPhoneSimulator
		{F1166B06-F548-415C-B2C2-32EC3EDFBF90}.Debug|Any CPU.Deploy.0 = Debug|iPhoneSimulator
		{F1166B06-F548-415C-B2C2-32EC3EDFBF90}.Debug|iPhone.ActiveCfg = Debug|iPhone
		{F1166B06-F548-415C-B2C2-32EC3EDFBF90}.Debug|iPhone.Build.0 = Debug|iPhone
		{F1166B06-F548-415C-B2C2-32EC3EDFBF90}.Debug|iPhone.Deploy.0 = Debug|iPhone
		{F1166B06-F548-415C-B2C2-32EC3EDFBF90}.Debug|iPhoneSimulator.ActiveCfg = Debug|iPhoneSimulator
		{F1166B06-F548-415C-B2C2-32EC3EDFBF90}.Debug|iPhoneSimulator.Build.0 = Debug|iPhoneSimulator
		{F1166B06-F548-415C-B2C2-32EC3EDFBF90}.Debug|iPhoneSimulator.Deploy.0 = Debug|iPhoneSimulator
		{F1166B06-F548-415C-B2C2-32EC3EDFBF90}.Release|Any CPU.ActiveCfg = Release|iPhone
		{F1166B06-F548-415C-B2C2-32EC3EDFBF90}.Release|Any CPU.Build.0 = Release|iPhone
		{F1166B06-F548-415C-B2C2-32EC3EDFBF90}.Release|Any CPU.Deploy.0 = Release|iPhone
		{F1166B06-F548-415C-B2C2-32EC3EDFBF90}.Release|iPhone.ActiveCfg = Release|iPhone
		{F1166B06-F548-415C-B2C2-32EC3EDFBF90}.Release|iPhone.Build.0 = Release|iPhone
		{F1166B06-F548-415C-B2C2-32EC3EDFBF90}.Release|iPhone.Deploy.0 = Release|iPhone
		{F1166B06-F548-415C-B2C2-32EC3EDFBF90}.Release|iPhoneSimulator.ActiveCfg = Release|iPhoneSimulator
		{F1166B06-F548-415C-B2C2-32EC3EDFBF90}.Release|iPhoneSimulator.Build.0 = Release|iPhoneSimulator
		{F1166B06-F548-415C-B2C2-32EC3EDFBF90}.Release|iPhoneSimulator.Deploy.0 = Release|iPhoneSimulator
		{8BECE324-FCD4-4651-B7F1-FED4985A61F1}.Ad-Hoc|Any CPU.ActiveCfg = Debug|Any CPU
		{8BECE324-FCD4-4651-B7F1-FED4985A61F1}.Ad-Hoc|Any CPU.Build.0 = Debug|Any CPU
		{8BECE324-FCD4-4651-B7F1-FED4985A61F1}.Ad-Hoc|Any CPU.Deploy.0 = Debug|Any CPU
		{8BECE324-FCD4-4651-B7F1-FED4985A61F1}.Ad-Hoc|iPhone.ActiveCfg = Debug|Any CPU
		{8BECE324-FCD4-4651-B7F1-FED4985A61F1}.Ad-Hoc|iPhone.Build.0 = Debug|Any CPU
		{8BECE324-FCD4-4651-B7F1-FED4985A61F1}.Ad-Hoc|iPhone.Deploy.0 = Debug|Any CPU
		{8BECE324-FCD4-4651-B7F1-FED4985A61F1}.Ad-Hoc|iPhoneSimulator.ActiveCfg = Debug|Any CPU
		{8BECE324-FCD4-4651-B7F1-FED4985A61F1}.Ad-Hoc|iPhoneSimulator.Build.0 = Debug|Any CPU
		{8BECE324-FCD4-4651-B7F1-FED4985A61F1}.Ad-Hoc|iPhoneSimulator.Deploy.0 = Debug|Any CPU
		{8BECE324-FCD4-4651-B7F1-FED4985A61F1}.AppStore|Any CPU.ActiveCfg = Debug|Any CPU
		{8BECE324-FCD4-4651-B7F1-FED4985A61F1}.AppStore|Any CPU.Build.0 = Debug|Any CPU
		{8BECE324-FCD4-4651-B7F1-FED4985A61F1}.AppStore|Any CPU.Deploy.0 = Debug|Any CPU
		{8BECE324-FCD4-4651-B7F1-FED4985A61F1}.AppStore|iPhone.ActiveCfg = Debug|Any CPU
		{8BECE324-FCD4-4651-B7F1-FED4985A61F1}.AppStore|iPhone.Build.0 = Debug|Any CPU
		{8BECE324-FCD4-4651-B7F1-FED4985A61F1}.AppStore|iPhone.Deploy.0 = Debug|Any CPU
		{8BECE324-FCD4-4651-B7F1-FED4985A61F1}.AppStore|iPhoneSimulator.ActiveCfg = Debug|Any CPU
		{8BECE324-FCD4-4651-B7F1-FED4985A61F1}.AppStore|iPhoneSimulator.Build.0 = Debug|Any CPU
		{8BECE324-FCD4-4651-B7F1-FED4985A61F1}.AppStore|iPhoneSimulator.Deploy.0 = Debug|Any CPU
		{8BECE324-FCD4-4651-B7F1-FED4985A61F1}.Debug|Any CPU.ActiveCfg = Debug|Any CPU
		{8BECE324-FCD4-4651-B7F1-FED4985A61F1}.Debug|Any CPU.Build.0 = Debug|Any CPU
		{8BECE324-FCD4-4651-B7F1-FED4985A61F1}.Debug|Any CPU.Deploy.0 = Debug|Any CPU
		{8BECE324-FCD4-4651-B7F1-FED4985A61F1}.Debug|iPhone.ActiveCfg = Debug|Any CPU
		{8BECE324-FCD4-4651-B7F1-FED4985A61F1}.Debug|iPhone.Build.0 = Debug|Any CPU
		{8BECE324-FCD4-4651-B7F1-FED4985A61F1}.Debug|iPhone.Deploy.0 = Debug|Any CPU
		{8BECE324-FCD4-4651-B7F1-FED4985A61F1}.Debug|iPhoneSimulator.ActiveCfg = Debug|Any CPU
		{8BECE324-FCD4-4651-B7F1-FED4985A61F1}.Debug|iPhoneSimulator.Build.0 = Debug|Any CPU
		{8BECE324-FCD4-4651-B7F1-FED4985A61F1}.Debug|iPhoneSimulator.Deploy.0 = Debug|Any CPU
		{8BECE324-FCD4-4651-B7F1-FED4985A61F1}.Release|Any CPU.ActiveCfg = Release|Any CPU
		{8BECE324-FCD4-4651-B7F1-FED4985A61F1}.Release|Any CPU.Build.0 = Release|Any CPU
		{8BECE324-FCD4-4651-B7F1-FED4985A61F1}.Release|Any CPU.Deploy.0 = Release|Any CPU
		{8BECE324-FCD4-4651-B7F1-FED4985A61F1}.Release|iPhone.ActiveCfg = Release|Any CPU
		{8BECE324-FCD4-4651-B7F1-FED4985A61F1}.Release|iPhone.Build.0 = Release|Any CPU
		{8BECE324-FCD4-4651-B7F1-FED4985A61F1}.Release|iPhone.Deploy.0 = Release|Any CPU
		{8BECE324-FCD4-4651-B7F1-FED4985A61F1}.Release|iPhoneSimulator.ActiveCfg = Release|Any CPU
		{8BECE324-FCD4-4651-B7F1-FED4985A61F1}.Release|iPhoneSimulator.Build.0 = Release|Any CPU
		{8BECE324-FCD4-4651-B7F1-FED4985A61F1}.Release|iPhoneSimulator.Deploy.0 = Release|Any CPU
	EndGlobalSection
	GlobalSection(SolutionProperties) = preSolution
		HideSolutionNode = FALSE
	EndGlobalSection
	GlobalSection(ExtensibilityGlobals) = postSolution
		SolutionGuid = {66D6D9F6-8577-4320-93F1-96CD021A590C}
	EndGlobalSection
EndGlobal
